
Microsoft Visual Studio Solution File, Format Version 12.00
# Visual Studio 15
VisualStudioVersion = 15.0.28307.1300
MinimumVisualStudioVersion = 10.0.40219.1
Project("{8BC9CEB8-8B4A-11D0-8D11-00A0C91BC942}") = "PGN Spy", "PGN Spy\PGN Spy.vcxproj", "{2BB5302E-46F1-465F-86ED-5C613B26449A}"
EndProject
Global
	GlobalSection(SolutionConfigurationPlatforms) = preSolution
		Debug|Win32 = Debug|Win32
		Release|Win32 = Release|Win32
	EndGlobalSection
	GlobalSection(ProjectConfigurationPlatforms) = postSolution
		{2BB5302E-46F1-465F-86ED-5C613B26449A}.Debug|Win32.ActiveCfg = Debug|Win32
		{2BB5302E-46F1-465F-86ED-5C613B26449A}.Debug|Win32.Build.0 = Debug|Win32
		{2BB5302E-46F1-465F-86ED-5C613B26449A}.Release|Win32.ActiveCfg = Release|Win32
		{2BB5302E-46F1-465F-86ED-5C613B26449A}.Release|Win32.Build.0 = Release|Win32
	EndGlobalSection
	GlobalSection(SolutionProperties) = preSolution
		HideSolutionNode = FALSE
	EndGlobalSection
	GlobalSection(ExtensibilityGlobals) = postSolution
		SolutionGuid = {E6E9AD10-8308-4AE0-95FE-109992A401FB}
	EndGlobalSection
EndGlobal
